
Microsoft Visual Studio Solution File, Format Version 12.00
# Visual Studio Version 17
VisualStudioVersion = 17.4.33110.190
MinimumVisualStudioVersion = 10.0.40219.1
Project("{FAE04EC0-301F-11D3-BF4B-00C04F79EFBC}") = "TimeTrack.Api", "TimeTrack.Api\TimeTrack.Api.csproj", "{45E65049-7B0B-47E6-96AF-C54C2E319AB5}"
EndProject
Global
	GlobalSection(SolutionConfigurationPlatforms) = preSolution
		Debug|Any CPU = Debug|Any CPU
		Release|Any CPU = Release|Any CPU
	EndGlobalSection
	GlobalSection(ProjectConfigurationPlatforms) = postSolution
		{45E65049-7B0B-47E6-96AF-C54C2E319AB5}.Debug|Any CPU.ActiveCfg = Debug|Any CPU
		{45E65049-7B0B-47E6-96AF-C54C2E319AB5}.Debug|Any CPU.Build.0 = Debug|Any CPU
		{45E65049-7B0B-47E6-96AF-C54C2E319AB5}.Release|Any CPU.ActiveCfg = Release|Any CPU
		{45E65049-7B0B-47E6-96AF-C54C2E319AB5}.Release|Any CPU.Build.0 = Release|Any CPU
	EndGlobalSection
	GlobalSection(SolutionProperties) = preSolution
		HideSolutionNode = FALSE
	EndGlobalSection
	GlobalSection(ExtensibilityGlobals) = postSolution
		SolutionGuid = {C837FF15-C4E3-481E-8972-ED9F3DA117C1}
	EndGlobalSection
EndGlobal
